
Microsoft Visual Studio Solution File, Format Version 12.00
# Visual Studio Version 16
VisualStudioVersion = 16.0.30225.117
MinimumVisualStudioVersion = 10.0.40219.1
Project("{9A19103F-16F7-4668-BE54-9A1E7A4F7556}") = "TameofThrones", "TameofThrones\TameofThrones.csproj", "{96D12804-52E1-43E0-AC36-A1895AA9C903}"
EndProject
Project("{FAE04EC0-301F-11D3-BF4B-00C04F79EFBC}") = "TameofThronesUnitTests", "TameofThronesUnitTests\TameofThronesUnitTests.csproj", "{E2441ECB-8218-4AB5-9EE9-D95B00885757}"
EndProject
Global
	GlobalSection(SolutionConfigurationPlatforms) = preSolution
		Debug|Any CPU = Debug|Any CPU
		Release|Any CPU = Release|Any CPU
	EndGlobalSection
	GlobalSection(ProjectConfigurationPlatforms) = postSolution
		{96D12804-52E1-43E0-AC36-A1895AA9C903}.Debug|Any CPU.ActiveCfg = Debug|Any CPU
		{96D12804-52E1-43E0-AC36-A1895AA9C903}.Debug|Any CPU.Build.0 = Debug|Any CPU
		{96D12804-52E1-43E0-AC36-A1895AA9C903}.Release|Any CPU.ActiveCfg = Release|Any CPU
		{96D12804-52E1-43E0-AC36-A1895AA9C903}.Release|Any CPU.Build.0 = Release|Any CPU
		{E2441ECB-8218-4AB5-9EE9-D95B00885757}.Debug|Any CPU.ActiveCfg = Debug|Any CPU
		{E2441ECB-8218-4AB5-9EE9-D95B00885757}.Debug|Any CPU.Build.0 = Debug|Any CPU
		{E2441ECB-8218-4AB5-9EE9-D95B00885757}.Release|Any CPU.ActiveCfg = Release|Any CPU
		{E2441ECB-8218-4AB5-9EE9-D95B00885757}.Release|Any CPU.Build.0 = Release|Any CPU
	EndGlobalSection
	GlobalSection(SolutionProperties) = preSolution
		HideSolutionNode = FALSE
	EndGlobalSection
	GlobalSection(ExtensibilityGlobals) = postSolution
		SolutionGuid = {89096F71-4D99-4E76-BEC5-02A5569AF5F7}
	EndGlobalSection
EndGlobal
